
Microsoft Visual Studio Solution File, Format Version 12.00
# Visual Studio Version 16
VisualStudioVersion = 16.0.29613.14
MinimumVisualStudioVersion = 10.0.40219.1
Project("{FAE04EC0-301F-11D3-BF4B-00C04F79EFBC}") = "Homer.Insteon", "Homer.Insteon\Homer.Insteon.csproj", "{E30738B7-93D1-4D0E-A39C-D036FC3FBD47}"
EndProject
Project("{FAE04EC0-301F-11D3-BF4B-00C04F79EFBC}") = "Homer.Insteon.WebApi", "Homer.Insteon.WebApi\Homer.Insteon.WebApi.csproj", "{31BB29FE-973F-4424-B30A-A350053121E7}"
EndProject
Project("{FAE04EC0-301F-11D3-BF4B-00C04F79EFBC}") = "Homer.Insteon.Cli", "Homer.Insteon.Cli\Homer.Insteon.Cli.csproj", "{32B85868-9758-4152-84F2-F9FCBDAE584D}"
EndProject
Global
	GlobalSection(SolutionConfigurationPlatforms) = preSolution
		Debug|Any CPU = Debug|Any CPU
		Release|Any CPU = Release|Any CPU
	EndGlobalSection
	GlobalSection(ProjectConfigurationPlatforms) = postSolution
		{E30738B7-93D1-4D0E-A39C-D036FC3FBD47}.Debug|Any CPU.ActiveCfg = Debug|Any CPU
		{E30738B7-93D1-4D0E-A39C-D036FC3FBD47}.Debug|Any CPU.Build.0 = Debug|Any CPU
		{E30738B7-93D1-4D0E-A39C-D036FC3FBD47}.Release|Any CPU.ActiveCfg = Release|Any CPU
		{E30738B7-93D1-4D0E-A39C-D036FC3FBD47}.Release|Any CPU.Build.0 = Release|Any CPU
		{31BB29FE-973F-4424-B30A-A350053121E7}.Debug|Any CPU.ActiveCfg = Debug|Any CPU
		{31BB29FE-973F-4424-B30A-A350053121E7}.Debug|Any CPU.Build.0 = Debug|Any CPU
		{31BB29FE-973F-4424-B30A-A350053121E7}.Release|Any CPU.ActiveCfg = Release|Any CPU
		{31BB29FE-973F-4424-B30A-A350053121E7}.Release|Any CPU.Build.0 = Release|Any CPU
		{32B85868-9758-4152-84F2-F9FCBDAE584D}.Debug|Any CPU.ActiveCfg = Debug|Any CPU
		{32B85868-9758-4152-84F2-F9FCBDAE584D}.Debug|Any CPU.Build.0 = Debug|Any CPU
		{32B85868-9758-4152-84F2-F9FCBDAE584D}.Release|Any CPU.ActiveCfg = Release|Any CPU
		{32B85868-9758-4152-84F2-F9FCBDAE584D}.Release|Any CPU.Build.0 = Release|Any CPU
	EndGlobalSection
	GlobalSection(SolutionProperties) = preSolution
		HideSolutionNode = FALSE
	EndGlobalSection
	GlobalSection(ExtensibilityGlobals) = postSolution
		SolutionGuid = {9799EA80-F200-40FC-892A-7C3A4B781800}
	EndGlobalSection
EndGlobal
